
Microsoft Visual Studio Solution File, Format Version 12.00
# Visual Studio 15
VisualStudioVersion = 15.0.26730.16
MinimumVisualStudioVersion = 10.0.40219.1
Project("{FAE04EC0-301F-11D3-BF4B-00C04F79EFBC}") = "MathRoot10000", "MathRoot10000\MathRoot10000.csproj", "{9325B941-9DF3-4833-897C-13F665A9B96A}"
EndProject
Global
	GlobalSection(SolutionConfigurationPlatforms) = preSolution
		Debug|Any CPU = Debug|Any CPU
		Release|Any CPU = Release|Any CPU
	EndGlobalSection
	GlobalSection(ProjectConfigurationPlatforms) = postSolution
		{9325B941-9DF3-4833-897C-13F665A9B96A}.Debug|Any CPU.ActiveCfg = Debug|Any CPU
		{9325B941-9DF3-4833-897C-13F665A9B96A}.Debug|Any CPU.Build.0 = Debug|Any CPU
		{9325B941-9DF3-4833-897C-13F665A9B96A}.Release|Any CPU.ActiveCfg = Release|Any CPU
		{9325B941-9DF3-4833-897C-13F665A9B96A}.Release|Any CPU.Build.0 = Release|Any CPU
	EndGlobalSection
	GlobalSection(SolutionProperties) = preSolution
		HideSolutionNode = FALSE
	EndGlobalSection
	GlobalSection(ExtensibilityGlobals) = postSolution
		SolutionGuid = {BD642B56-7B17-4435-A4F6-3E1C34F90BF0}
	EndGlobalSection
EndGlobal
